// !$*UTF8*$!
{
	archiveVersion = 1;
	classes = {
	};
	objectVersion = 48;
	objects = {

/* Begin PBXBuildFile section */
		4F5B68631F6820C0000B6318 /* AppDelegate.swift in Sources */ = {isa = PBXBuildFile; fileRef = 4F5B68621F6820C0000B6318 /* AppDelegate.swift */; };
		4F5B68651F6820C0000B6318 /* GameScene.sks in Resources */ = {isa = PBXBuildFile; fileRef = 4F5B68641F6820C0000B6318 /* GameScene.sks */; };
		4F5B68671F6820C0000B6318 /* Actions.sks in Resources */ = {isa = PBXBuildFile; fileRef = 4F5B68661F6820C0000B6318 /* Actions.sks */; };
		4F5B68691F6820C0000B6318 /* GameScene.swift in Sources */ = {isa = PBXBuildFile; fileRef = 4F5B68681F6820C0000B6318 /* GameScene.swift */; };
		4F5B686B1F6820C0000B6318 /* GameViewController.swift in Sources */ = {isa = PBXBuildFile; fileRef = 4F5B686A1F6820C0000B6318 /* GameViewController.swift */; };
		4F5B686E1F6820C0000B6318 /* Main.storyboard in Resources */ = {isa = PBXBuildFile; fileRef = 4F5B686C1F6820C0000B6318 /* Main.storyboard */; };
		4F5B68701F6820C0000B6318 /* Assets.xcassets in Resources */ = {isa = PBXBuildFile; fileRef = 4F5B686F1F6820C0000B6318 /* Assets.xcassets */; };
		4F5B68731F6820C0000B6318 /* LaunchScreen.storyboard in Resources */ = {isa = PBXBuildFile; fileRef = 4F5B68711F6820C0000B6318 /* LaunchScreen.storyboard */; };
		4F5B687E1F6820C0000B6318 /* JackTheGiantTests.swift in Sources */ = {isa = PBXBuildFile; fileRef = 4F5B687D1F6820C0000B6318 /* JackTheGiantTests.swift */; };
		4F5B68891F6820C0000B6318 /* JackTheGiantUITests.swift in Sources */ = {isa = PBXBuildFile; fileRef = 4F5B68881F6820C0000B6318 /* JackTheGiantUITests.swift */; };
/* End PBXBuildFile section */

/* Begin PBXContainerItemProxy section */
		4F5B687A1F6820C0000B6318 /* PBXContainerItemProxy */ = {
			isa = PBXContainerItemProxy;
			containerPortal = 4F5B68571F6820C0000B6318 /* Project object */;
			proxyType = 1;
			remoteGlobalIDString = 4F5B685E1F6820C0000B6318;
			remoteInfo = JackTheGiant;
		};
		4F5B68851F6820C0000B6318 /* PBXContainerItemProxy */ = {
			isa = PBXContainerItemProxy;
			containerPortal = 4F5B68571F6820C0000B6318 /* Project object */;
			proxyType = 1;
			remoteGlobalIDString = 4F5B685E1F6820C0000B6318;
			remoteInfo = JackTheGiant;
		};
/* End PBXContainerItemProxy section */

/* Begin PBXFileReference section */
		4F5B685F1F6820C0000B6318 /* JackTheGiant.app */ = {isa = PBXFileReference; explicitFileType = wrapper.application; includeInIndex = 0; path = JackTheGiant.app; sourceTree = BUILT_PRODUCTS_DIR; };
		4F5B68621F6820C0000B6318 /* AppDelegate.swift */ = {isa = PBXFileReference; lastKnownFileType = sourcecode.swift; path = AppDelegate.swift; sourceTree = "<group>"; };
		4F5B68641F6820C0000B6318 /* GameScene.sks */ = {isa = PBXFileReference; lastKnownFileType = file.sks; path = GameScene.sks; sourceTree = "<group>"; };
		4F5B68661F6820C0000B6318 /* Actions.sks */ = {isa = PBXFileReference; lastKnownFileType = file.sks; path = Actions.sks; sourceTree = "<group>"; };
		4F5B68681F6820C0000B6318 /* GameScene.swift */ = {isa = PBXFileReference; lastKnownFileType = sourcecode.swift; path = GameScene.swift; sourceTree = "<group>"; };
		4F5B686A1F6820C0000B6318 /* GameViewController.swift */ = {isa = PBXFileReference; lastKnownFileType = sourcecode.swift; path = GameViewController.swift; sourceTree = "<group>"; };
		4F5B686D1F6820C0000B6318 /* Base */ = {isa = PBXFileReference; lastKnownFileType = file.storyboard; name = Base; path = Base.lproj/Main.storyboard; sourceTree = "<group>"; };
		4F5B686F1F6820C0000B6318 /* Assets.xcassets */ = {isa = PBXFileReference; lastKnownFileType = folder.assetcatalog; path = Assets.xcassets; sourceTree = "<group>"; };
		4F5B68721F6820C0000B6318 /* Base */ = {isa = PBXFileReference; lastKnownFileType = file.storyboard; name = Base; path = Base.lproj/LaunchScreen.storyboard; sourceTree = "<group>"; };
		4F5B68741F6820C0000B6318 /* Info.plist */ = {isa = PBXFileReference; lastKnownFileType = text.plist.xml; path = Info.plist; sourceTree = "<group>"; };
		4F5B68791F6820C0000B6318 /* JackTheGiantTests.xctest */ = {isa = PBXFileReference; explicitFileType = wrapper.cfbundle; includeInIndex = 0; path = JackTheGiantTests.xctest; sourceTree = BUILT_PRODUCTS_DIR; };
		4F5B687D1F6820C0000B6318 /* JackTheGiantTests.swift */ = {isa = PBXFileReference; lastKnownFileType = sourcecode.swift; path = JackTheGiantTests.swift; sourceTree = "<group>"; };
		4F5B687F1F6820C0000B6318 /* Info.plist */ = {isa = PBXFileReference; lastKnownFileType = text.plist.xml; path = Info.plist; sourceTree = "<group>"; };
		4F5B68841F6820C0000B6318 /* JackTheGiantUITests.xctest */ = {isa = PBXFileReference; explicitFileType = wrapper.cfbundle; includeInIndex = 0; path = JackTheGiantUITests.xctest; sourceTree = BUILT_PRODUCTS_DIR; };
		4F5B68881F6820C0000B6318 /* JackTheGiantUITests.swift */ = {isa = PBXFileReference; lastKnownFileType = sourcecode.swift; path = JackTheGiantUITests.swift; sourceTree = "<group>"; };
		4F5B688A1F6820C0000B6318 /* Info.plist */ = {isa = PBXFileReference; lastKnownFileType = text.plist.xml; path = Info.plist; sourceTree = "<group>"; };
/* End PBXFileReference section */

/* Begin PBXFrameworksBuildPhase section */
		4F5B685C1F6820C0000B6318 /* Frameworks */ = {
			isa = PBXFrameworksBuildPhase;
			buildActionMask = 2147483647;
			files = (
			);
			runOnlyForDeploymentPostprocessing = 0;
		};
		4F5B68761F6820C0000B6318 /* Frameworks */ = {
			isa = PBXFrameworksBuildPhase;
			buildActionMask = 2147483647;
			files = (
			);
			runOnlyForDeploymentPostprocessing = 0;
		};
		4F5B68811F6820C0000B6318 /* Frameworks */ = {
			isa = PBXFrameworksBuildPhase;
			buildActionMask = 2147483647;
			files = (
			);
			runOnlyForDeploymentPostprocessing = 0;
		};
/* End PBXFrameworksBuildPhase section */

/* Begin PBXGroup section */
		4F5B68561F6820C0000B6318 = {
			isa = PBXGroup;
			children = (
				4F5B68611F6820C0000B6318 /* JackTheGiant */,
				4F5B687C1F6820C0000B6318 /* JackTheGiantTests */,
				4F5B68871F6820C0000B6318 /* JackTheGiantUITests */,
				4F5B68601F6820C0000B6318 /* Products */,
			);
			sourceTree = "<group>";
		};
		4F5B68601F6820C0000B6318 /* Products */ = {
			isa = PBXGroup;
			children = (
				4F5B685F1F6820C0000B6318 /* JackTheGiant.app */,
				4F5B68791F6820C0000B6318 /* JackTheGiantTests.xctest */,
				4F5B68841F6820C0000B6318 /* JackTheGiantUITests.xctest */,
			);
			name = Products;
			sourceTree = "<group>";
		};
		4F5B68611F6820C0000B6318 /* JackTheGiant */ = {
			isa = PBXGroup;
			children = (
				4F5B68621F6820C0000B6318 /* AppDelegate.swift */,
				4F5B68641F6820C0000B6318 /* GameScene.sks */,
				4F5B68661F6820C0000B6318 /* Actions.sks */,
				4F5B68681F6820C0000B6318 /* GameScene.swift */,
				4F5B686A1F6820C0000B6318 /* GameViewController.swift */,
				4F5B686C1F6820C0000B6318 /* Main.storyboard */,
				4F5B686F1F6820C0000B6318 /* Assets.xcassets */,
				4F5B68711F6820C0000B6318 /* LaunchScreen.storyboard */,
				4F5B68741F6820C0000B6318 /* Info.plist */,
			);
			path = JackTheGiant;
			sourceTree = "<group>";
		};
		4F5B687C1F6820C0000B6318 /* JackTheGiantTests */ = {
			isa = PBXGroup;
			children = (
				4F5B687D1F6820C0000B6318 /* JackTheGiantTests.swift */,
				4F5B687F1F6820C0000B6318 /* Info.plist */,
			);
			path = JackTheGiantTests;
			sourceTree = "<group>";
		};
		4F5B68871F6820C0000B6318 /* JackTheGiantUITests */ = {
			isa = PBXGroup;
			children = (
				4F5B68881F6820C0000B6318 /* JackTheGiantUITests.swift */,
				4F5B688A1F6820C0000B6318 /* Info.plist */,
			);
			path = JackTheGiantUITests;
			sourceTree = "<group>";
		};
/* End PBXGroup section */

/* Begin PBXNativeTarget section */
		4F5B685E1F6820C0000B6318 /* JackTheGiant */ = {
			isa = PBXNativeTarget;
			buildConfigurationList = 4F5B688D1F6820C0000B6318 /* Build configuration list for PBXNativeTarget "JackTheGiant" */;
			buildPhases = (
				4F5B685B1F6820C0000B6318 /* Sources */,
				4F5B685C1F6820C0000B6318 /* Frameworks */,
				4F5B685D1F6820C0000B6318 /* Resources */,
			);
			buildRules = (
			);
			dependencies = (
			);
			name = JackTheGiant;
			productName = JackTheGiant;
			productReference = 4F5B685F1F6820C0000B6318 /* JackTheGiant.app */;
			productType = "com.apple.product-type.application";
		};
		4F5B68781F6820C0000B6318 /* JackTheGiantTests */ = {
			isa = PBXNativeTarget;
			buildConfigurationList = 4F5B68901F6820C0000B6318 /* Build configuration list for PBXNativeTarget "JackTheGiantTests" */;
			buildPhases = (
				4F5B68751F6820C0000B6318 /* Sources */,
				4F5B68761F6820C0000B6318 /* Frameworks */,
				4F5B68771F6820C0000B6318 /* Resources */,
			);
			buildRules = (
			);
			dependencies = (
				4F5B687B1F6820C0000B6318 /* PBXTargetDependency */,
			);
			name = JackTheGiantTests;
			productName = JackTheGiantTests;
			productReference = 4F5B68791F6820C0000B6318 /* JackTheGiantTests.xctest */;
			productType = "com.apple.product-type.bundle.unit-test";
		};
		4F5B68831F6820C0000B6318 /* JackTheGiantUITests */ = {
			isa = PBXNativeTarget;
			buildConfigurationList = 4F5B68931F6820C0000B6318 /* Build configuration list for PBXNativeTarget "JackTheGiantUITests" */;
			buildPhases = (
				4F5B68801F6820C0000B6318 /* Sources */,
				4F5B68811F6820C0000B6318 /* Frameworks */,
				4F5B68821F6820C0000B6318 /* Resources */,
			);
			buildRules = (
			);
			dependencies = (
				4F5B68861F6820C0000B6318 /* PBXTargetDependency */,
			);
			name = JackTheGiantUITests;
			productName = JackTheGiantUITests;
			productReference = 4F5B68841F6820C0000B6318 /* JackTheGiantUITests.xctest */;
			productType = "com.apple.product-type.bundle.ui-testing";
		};
/* End PBXNativeTarget section */

/* Begin PBXProject section */
		4F5B68571F6820C0000B6318 /* Project object */ = {
			isa = PBXProject;
			attributes = {
				LastSwiftUpdateCheck = 0900;
				LastUpgradeCheck = 0900;
				ORGANIZATIONNAME = pari;
				TargetAttributes = {
					4F5B685E1F6820C0000B6318 = {
						CreatedOnToolsVersion = 9.0;
					};
					4F5B68781F6820C0000B6318 = {
						CreatedOnToolsVersion = 9.0;
						TestTargetID = 4F5B685E1F6820C0000B6318;
					};
					4F5B68831F6820C0000B6318 = {
						CreatedOnToolsVersion = 9.0;
						TestTargetID = 4F5B685E1F6820C0000B6318;
					};
				};
			};
			buildConfigurationList = 4F5B685A1F6820C0000B6318 /* Build configuration list for PBXProject "JackTheGiant" */;
			compatibilityVersion = "Xcode 8.0";
			developmentRegion = en;
			hasScannedForEncodings = 0;
			knownRegions = (
				en,
				Base,
			);
			mainGroup = 4F5B68561F6820C0000B6318;
			productRefGroup = 4F5B68601F6820C0000B6318 /* Products */;
			projectDirPath = "";
			projectRoot = "";
			targets = (
				4F5B685E1F6820C0000B6318 /* JackTheGiant */,
				4F5B68781F6820C0000B6318 /* JackTheGiantTests */,
				4F5B68831F6820C0000B6318 /* JackTheGiantUITests */,
			);
		};
/* End PBXProject section */

/* Begin PBXResourcesBuildPhase section */
		4F5B685D1F6820C0000B6318 /* Resources */ = {
			isa = PBXResourcesBuildPhase;
			buildActionMask = 2147483647;
			files = (
				4F5B686E1F6820C0000B6318 /* Main.storyboard in Resources */,
				4F5B68651F6820C0000B6318 /* GameScene.sks in Resources */,
				4F5B68701F6820C0000B6318 /* Assets.xcassets in Resources */,
				4F5B68731F6820C0000B6318 /* LaunchScreen.storyboard in Resources */,
				4F5B68671F6820C0000B6318 /* Actions.sks in Resources */,
			);
			runOnlyForDeploymentPostprocessing = 0;
		};
		4F5B68771F6820C0000B6318 /* Resources */ = {
			isa = PBXResourcesBuildPhase;
			buildActionMask = 2147483647;
			files = (
			);
			runOnlyForDeploymentPostprocessing = 0;
		};
		4F5B68821F6820C0000B6318 /* Resources */ = {
			isa = PBXResourcesBuildPhase;
			buildActionMask = 2147483647;
			files = (
			);
			runOnlyForDeploymentPostprocessing = 0;
		};
/* End PBXResourcesBuildPhase section */

/* Begin PBXSourcesBuildPhase section */
		4F5B685B1F6820C0000B6318 /* Sources */ = {
			isa = PBXSourcesBuildPhase;
			buildActionMask = 2147483647;
			files = (
				4F5B68691F6820C0000B6318 /* GameScene.swift in Sources */,
				4F5B686B1F6820C0000B6318 /* GameViewController.swift in Sources */,
				4F5B68631F6820C0000B6318 /* AppDelegate.swift in Sources */,
			);
			runOnlyForDeploymentPostprocessing = 0;
		};
		4F5B68751F6820C0000B6318 /* Sources */ = {
			isa = PBXSourcesBuildPhase;
			buildActionMask = 2147483647;
			files = (
				4F5B687E1F6820C0000B6318 /* JackTheGiantTests.swift in Sources */,
			);
			runOnlyForDeploymentPostprocessing = 0;
		};
		4F5B68801F6820C0000B6318 /* Sources */ = {
			isa = PBXSourcesBuildPhase;
			buildActionMask = 2147483647;
			files = (
				4F5B68891F6820C0000B6318 /* JackTheGiantUITests.swift in Sources */,
			);
			runOnlyForDeploymentPostprocessing = 0;
		};
/* End PBXSourcesBuildPhase section */

/* Begin PBXTargetDependency section */
		4F5B687B1F6820C0000B6318 /* PBXTargetDependency */ = {
			isa = PBXTargetDependency;
			target = 4F5B685E1F6820C0000B6318 /* JackTheGiant */;
			targetProxy = 4F5B687A1F6820C0000B6318 /* PBXContainerItemProxy */;
		};
		4F5B68861F6820C0000B6318 /* PBXTargetDependency */ = {
			isa = PBXTargetDependency;
			target = 4F5B685E1F6820C0000B6318 /* JackTheGiant */;
			targetProxy = 4F5B68851F6820C0000B6318 /* PBXContainerItemProxy */;
		};
/* End PBXTargetDependency section */

/* Begin PBXVariantGroup section */
		4F5B686C1F6820C0000B6318 /* Main.storyboard */ = {
			isa = PBXVariantGroup;
			children = (
				4F5B686D1F6820C0000B6318 /* Base */,
			);
			name = Main.storyboard;
			sourceTree = "<group>";
		};
		4F5B68711F6820C0000B6318 /* LaunchScreen.storyboard */ = {
			isa = PBXVariantGroup;
			children = (
				4F5B68721F6820C0000B6318 /* Base */,
			);
			name = LaunchScreen.storyboard;
			sourceTree = "<group>";
		};
/* End PBXVariantGroup section */

/* Begin XCBuildConfiguration section */
		4F5B688B1F6820C0000B6318 /* Debug */ = {
			isa = XCBuildConfiguration;
			buildSettings = {
				ALWAYS_SEARCH_USER_PATHS = NO;
				CLANG_ANALYZER_NONNULL = YES;
				CLANG_ANALYZER_NUMBER_OBJECT_CONVERSION = YES_AGGRESSIVE;
				CLANG_CXX_LANGUAGE_STANDARD = "gnu++14";
				CLANG_CXX_LIBRARY = "libc++";
				CLANG_ENABLE_MODULES = YES;
				CLANG_ENABLE_OBJC_ARC = YES;
				CLANG_WARN_BLOCK_CAPTURE_AUTORELEASING = YES;
				CLANG_WARN_BOOL_CONVERSION = YES;
				CLANG_WARN_COMMA = YES;
				CLANG_WARN_CONSTANT_CONVERSION = YES;
				CLANG_WARN_DIRECT_OBJC_ISA_USAGE = YES_ERROR;
				CLANG_WARN_DOCUMENTATION_COMMENTS = YES;
				CLANG_WARN_EMPTY_BODY = YES;
				CLANG_WARN_ENUM_CONVERSION = YES;
				CLANG_WARN_INFINITE_RECURSION = YES;
				CLANG_WARN_INT_CONVERSION = YES;
				CLANG_WARN_NON_LITERAL_NULL_CONVERSION = YES;
				CLANG_WARN_OBJC_LITERAL_CONVERSION = YES;
				CLANG_WARN_OBJC_ROOT_CLASS = YES_ERROR;
				CLANG_WARN_RANGE_LOOP_ANALYSIS = YES;
				CLANG_WARN_STRICT_PROTOTYPES = YES;
				CLANG_WARN_SUSPICIOUS_MOVE = YES;
				CLANG_WARN_UNGUARDED_AVAILABILITY = YES_AGGRESSIVE;
				CLANG_WARN_UNREACHABLE_CODE = YES;
				CLANG_WARN__DUPLICATE_METHOD_MATCH = YES;
				CODE_SIGN_IDENTITY = "iPhone Developer";
				COPY_PHASE_STRIP = NO;
				DEBUG_INFORMATION_FORMAT = dwarf;
				ENABLE_STRICT_OBJC_MSGSEND = YES;
				ENABLE_TESTABILITY = YES;
				GCC_C_LANGUAGE_STANDARD = gnu11;
				GCC_DYNAMIC_NO_PIC = NO;
				GCC_NO_COMMON_BLOCKS = YES;
				GCC_OPTIMIZATION_LEVEL = 0;
				GCC_PREPROCESSOR_DEFINITIONS = (
					"DEBUG=1",
					"$(inherited)",
				);
				GCC_WARN_64_TO_32_BIT_CONVERSION = YES;
				GCC_WARN_ABOUT_RETURN_TYPE = YES_ERROR;
				GCC_WARN_UNDECLARED_SELECTOR = YES;
				GCC_WARN_UNINITIALIZED_AUTOS = YES_AGGRESSIVE;
				GCC_WARN_UNUSED_FUNCTION = YES;
				GCC_WARN_UNUSED_VARIABLE = YES;
				IPHONEOS_DEPLOYMENT_TARGET = 11.0;
				MTL_ENABLE_DEBUG_INFO = YES;
				ONLY_ACTIVE_ARCH = YES;
				SDKROOT = iphoneos;
				SWIFT_ACTIVE_COMPILATION_CONDITIONS = DEBUG;
				SWIFT_OPTIMIZATION_LEVEL = "-Onone";
			};
			name = Debug;
		};
		4F5B688C1F6820C0000B6318 /* Release */ = {
			isa = XCBuildConfiguration;
			buildSettings = {
				ALWAYS_SEARCH_USER_PATHS = NO;
				CLANG_ANALYZER_NONNULL = YES;
				CLANG_ANALYZER_NUMBER_OBJECT_CONVERSION = YES_AGGRESSIVE;
				CLANG_CXX_LANGUAGE_STANDARD = "gnu++14";
				CLANG_CXX_LIBRARY = "libc++";
				CLANG_ENABLE_MODULES = YES;
				CLANG_ENABLE_OBJC_ARC = YES;
				CLANG_WARN_BLOCK_CAPTURE_AUTORELEASING = YES;
				CLANG_WARN_BOOL_CONVERSION = YES;
				CLANG_WARN_COMMA = YES;
				CLANG_WARN_CONSTANT_CONVERSION = YES;
				CLANG_WARN_DIRECT_OBJC_ISA_USAGE = YES_ERROR;
				CLANG_WARN_DOCUMENTATION_COMMENTS = YES;
				CLANG_WARN_EMPTY_BODY = YES;
				CLANG_WARN_ENUM_CONVERSION = YES;
				CLANG_WARN_INFINITE_RECURSION = YES;
				CLANG_WARN_INT_CONVERSION = YES;
				CLANG_WARN_NON_LITERAL_NULL_CONVERSION = YES;
				CLANG_WARN_OBJC_LITERAL_CONVERSION = YES;
				CLANG_WARN_OBJC_ROOT_CLASS = YES_ERROR;
				CLANG_WARN_RANGE_LOOP_ANALYSIS = YES;
				CLANG_WARN_STRICT_PROTOTYPES = YES;
				CLANG_WARN_SUSPICIOUS_MOVE = YES;
				CLANG_WARN_UNGUARDED_AVAILABILITY = YES_AGGRESSIVE;
				CLANG_WARN_UNREACHABLE_CODE = YES;
				CLANG_WARN__DUPLICATE_METHOD_MATCH = YES;
				CODE_SIGN_IDENTITY = "iPhone Developer";
				COPY_PHASE_STRIP = NO;
				DEBUG_INFORMATION_FORMAT = "dwarf-with-dsym";
				ENABLE_NS_ASSERTIONS = NO;
				ENABLE_STRICT_OBJC_MSGSEND = YES;
				GCC_C_LANGUAGE_STANDARD = gnu11;
				GCC_NO_COMMON_BLOCKS = YES;
				GCC_WARN_64_TO_32_BIT_CONVERSION = YES;
				GCC_WARN_ABOUT_RETURN_TYPE = YES_ERROR;
				GCC_WARN_UNDECLARED_SELECTOR = YES;
				GCC_WARN_UNINITIALIZED_AUTOS = YES_AGGRESSIVE;
				GCC_WARN_UNUSED_FUNCTION = YES;
				GCC_WARN_UNUSED_VARIABLE = YES;
				IPHONEOS_DEPLOYMENT_TARGET = 11.0;
				MTL_ENABLE_DEBUG_INFO = NO;
				SDKROOT = iphoneos;
				SWIFT_OPTIMIZATION_LEVEL = "-Owholemodule";
				VALIDATE_PRODUCT = YES;
			};
			name = Release;
		};
		4F5B688E1F6820C0000B6318 /* Debug */ = {
			isa = XCBuildConfiguration;
			buildSettings = {
				ASSETCATALOG_COMPILER_APPICON_NAME = AppIcon;
				DEVELOPMENT_TEAM = 9NXT87QQZN;
				INFOPLIST_FILE = JackTheGiant/Info.plist;
				LD_RUNPATH_SEARCH_PATHS = "$(inherited) @executable_path/Frameworks";
				PRODUCT_BUNDLE_IDENTIFIER = com.pari.JackTheGiant;
				PRODUCT_NAME = "$(TARGET_NAME)";
				SWIFT_VERSION = 4.0;
				TARGETED_DEVICE_FAMILY = "1,2";
			};
			name = Debug;
		};
		4F5B688F1F6820C0000B6318 /* Release */ = {
			isa = XCBuildConfiguration;
			buildSettings = {
				ASSETCATALOG_COMPILER_APPICON_NAME = AppIcon;
				DEVELOPMENT_TEAM = 9NXT87QQZN;
				INFOPLIST_FILE = JackTheGiant/Info.plist;
				LD_RUNPATH_SEARCH_PATHS = "$(inherited) @executable_path/Frameworks";
				PRODUCT_BUNDLE_IDENTIFIER = com.pari.JackTheGiant;
				PRODUCT_NAME = "$(TARGET_NAME)";
				SWIFT_VERSION = 4.0;
				TARGETED_DEVICE_FAMILY = "1,2";
			};
			name = Release;
		};
		4F5B68911F6820C0000B6318 /* Debug */ = {
			isa = XCBuildConfiguration;
			buildSettings = {
				ALWAYS_EMBED_SWIFT_STANDARD_LIBRARIES = YES;
				BUNDLE_LOADER = "$(TEST_HOST)";
				DEVELOPMENT_TEAM = 9NXT87QQZN;
				INFOPLIST_FILE = JackTheGiantTests/Info.plist;
				LD_RUNPATH_SEARCH_PATHS = "$(inherited) @executable_path/Frameworks @loader_path/Frameworks";
				PRODUCT_BUNDLE_IDENTIFIER = com.pari.JackTheGiantTests;
				PRODUCT_NAME = "$(TARGET_NAME)";
				SWIFT_VERSION = 4.0;
				TARGETED_DEVICE_FAMILY = "1,2";
				TEST_HOST = "$(BUILT_PRODUCTS_DIR)/JackTheGiant.app/JackTheGiant";
			};
			name = Debug;
		};
		4F5B68921F6820C0000B6318 /* Release */ = {
			isa = XCBuildConfiguration;
			buildSettings = {
				ALWAYS_EMBED_SWIFT_STANDARD_LIBRARIES = YES;
				BUNDLE_LOADER = "$(TEST_HOST)";
				DEVELOPMENT_TEAM = 9NXT87QQZN;
				INFOPLIST_FILE = JackTheGiantTests/Info.plist;
				LD_RUNPATH_SEARCH_PATHS = "$(inherited) @executable_path/Frameworks @loader_path/Frameworks";
				PRODUCT_BUNDLE_IDENTIFIER = com.pari.JackTheGiantTests;
				PRODUCT_NAME = "$(TARGET_NAME)";
				SWIFT_VERSION = 4.0;
				TARGETED_DEVICE_FAMILY = "1,2";
				TEST_HOST = "$(BUILT_PRODUCTS_DIR)/JackTheGiant.app/JackTheGiant";
			};
			name = Release;
		};
		4F5B68941F6820C0000B6318 /* Debug */ = {
			isa = XCBuildConfiguration;
			buildSettings = {
				ALWAYS_EMBED_SWIFT_STANDARD_LIBRARIES = YES;
				DEVELOPMENT_TEAM = 9NXT87QQZN;
				INFOPLIST_FILE = JackTheGiantUITests/Info.plist;
				LD_RUNPATH_SEARCH_PATHS = "$(inherited) @executable_path/Frameworks @loader_path/Frameworks";
				PRODUCT_BUNDLE_IDENTIFIER = com.pari.JackTheGiantUITests;
				PRODUCT_NAME = "$(TARGET_NAME)";
				SWIFT_VERSION = 4.0;
				TARGETED_DEVICE_FAMILY = "1,2";
				TEST_TARGET_NAME = JackTheGiant;
			};
			name = Debug;
		};
		4F5B68951F6820C0000B6318 /* Release */ = {
			isa = XCBuildConfiguration;
			buildSettings = {
				ALWAYS_EMBED_SWIFT_STANDARD_LIBRARIES = YES;
				DEVELOPMENT_TEAM = 9NXT87QQZN;
				INFOPLIST_FILE = JackTheGiantUITests/Info.plist;
				LD_RUNPATH_SEARCH_PATHS = "$(inherited) @executable_path/Frameworks @loader_path/Frameworks";
				PRODUCT_BUNDLE_IDENTIFIER = com.pari.JackTheGiantUITests;
				PRODUCT_NAME = "$(TARGET_NAME)";
				SWIFT_VERSION = 4.0;
				TARGETED_DEVICE_FAMILY = "1,2";
				TEST_TARGET_NAME = JackTheGiant;
			};
			name = Release;
		};
/* End XCBuildConfiguration section */

/* Begin XCConfigurationList section */
		4F5B685A1F6820C0000B6318 /* Build configuration list for PBXProject "JackTheGiant" */ = {
			isa = XCConfigurationList;
			buildConfigurations = (
				4F5B688B1F6820C0000B6318 /* Debug */,
				4F5B688C1F6820C0000B6318 /* Release */,
			);
			defaultConfigurationIsVisible = 0;
			defaultConfigurationName = Release;
		};
		4F5B688D1F6820C0000B6318 /* Build configuration list for PBXNativeTarget "JackTheGiant" */ = {
			isa = XCConfigurationList;
			buildConfigurations = (
				4F5B688E1F6820C0000B6318 /* Debug */,
				4F5B688F1F6820C0000B6318 /* Release */,
			);
			defaultConfigurationIsVisible = 0;
			defaultConfigurationName = Release;
		};
		4F5B68901F6820C0000B6318 /* Build configuration list for PBXNativeTarget "JackTheGiantTests" */ = {
			isa = XCConfigurationList;
			buildConfigurations = (
				4F5B68911F6820C0000B6318 /* Debug */,
				4F5B68921F6820C0000B6318 /* Release */,
			);
			defaultConfigurationIsVisible = 0;
			defaultConfigurationName = Release;
		};
		4F5B68931F6820C0000B6318 /* Build configuration list for PBXNativeTarget "JackTheGiantUITests" */ = {
			isa = XCConfigurationList;
			buildConfigurations = (
				4F5B68941F6820C0000B6318 /* Debug */,
				4F5B68951F6820C0000B6318 /* Release */,
			);
			defaultConfigurationIsVisible = 0;
			defaultConfigurationName = Release;
		};
/* End XCConfigurationList section */
	};
	rootObject = 4F5B68571F6820C0000B6318 /* Project object */;
}
